// !$*UTF8*$!
{
	archiveVersion = 1;
	classes = {
	};
	objectVersion = 46;
	objects = {

/* Begin PBXBuildFile section */
		66534FA51C9270C900F52C94 /* AppDelegate.swift in Sources */ = {isa = PBXBuildFile; fileRef = 66534FA41C9270C900F52C94 /* AppDelegate.swift */; };
		66534FA71C9270C900F52C94 /* ViewController.swift in Sources */ = {isa = PBXBuildFile; fileRef = 66534FA61C9270C900F52C94 /* ViewController.swift */; };
		66534FAA1C9270C900F52C94 /* Main.storyboard in Resources */ = {isa = PBXBuildFile; fileRef = 66534FA81C9270C900F52C94 /* Main.storyboard */; };
		66534FAC1C9270C900F52C94 /* Assets.xcassets in Resources */ = {isa = PBXBuildFile; fileRef = 66534FAB1C9270C900F52C94 /* Assets.xcassets */; };
		66534FAF1C9270C900F52C94 /* LaunchScreen.storyboard in Resources */ = {isa = PBXBuildFile; fileRef = 66534FAD1C9270C900F52C94 /* LaunchScreen.storyboard */; };
		66534FB81C9270EC00F52C94 /* PageScrollView.swift in Sources */ = {isa = PBXBuildFile; fileRef = 66534FB71C9270EC00F52C94 /* PageScrollView.swift */; };
		66534FBC1C927C8F00F52C94 /* first.jpg in Resources */ = {isa = PBXBuildFile; fileRef = 66534FB91C927C8F00F52C94 /* first.jpg */; };
		66534FBD1C927C8F00F52C94 /* second.jpg in Resources */ = {isa = PBXBuildFile; fileRef = 66534FBA1C927C8F00F52C94 /* second.jpg */; };
		66534FBE1C927C8F00F52C94 /* third.jpg in Resources */ = {isa = PBXBuildFile; fileRef = 66534FBB1C927C8F00F52C94 /* third.jpg */; };
/* End PBXBuildFile section */

/* Begin PBXFileReference section */
		66534FA11C9270C900F52C94 /* PageScrollViewDemo.app */ = {isa = PBXFileReference; explicitFileType = wrapper.application; includeInIndex = 0; path = PageScrollViewDemo.app; sourceTree = BUILT_PRODUCTS_DIR; };
		66534FA41C9270C900F52C94 /* AppDelegate.swift */ = {isa = PBXFileReference; lastKnownFileType = sourcecode.swift; path = AppDelegate.swift; sourceTree = "<group>"; };
		66534FA61C9270C900F52C94 /* ViewController.swift */ = {isa = PBXFileReference; lastKnownFileType = sourcecode.swift; path = ViewController.swift; sourceTree = "<group>"; };
		66534FA91C9270C900F52C94 /* Base */ = {isa = PBXFileReference; lastKnownFileType = file.storyboard; name = Base; path = Base.lproj/Main.storyboard; sourceTree = "<group>"; };
		66534FAB1C9270C900F52C94 /* Assets.xcassets */ = {isa = PBXFileReference; lastKnownFileType = folder.assetcatalog; path = Assets.xcassets; sourceTree = "<group>"; };
		66534FAE1C9270C900F52C94 /* Base */ = {isa = PBXFileReference; lastKnownFileType = file.storyboard; name = Base; path = Base.lproj/LaunchScreen.storyboard; sourceTree = "<group>"; };
		66534FB01C9270C900F52C94 /* Info.plist */ = {isa = PBXFileReference; lastKnownFileType = text.plist.xml; path = Info.plist; sourceTree = "<group>"; };
		66534FB71C9270EC00F52C94 /* PageScrollView.swift */ = {isa = PBXFileReference; fileEncoding = 4; lastKnownFileType = sourcecode.swift; path = PageScrollView.swift; sourceTree = "<group>"; };
		66534FB91C927C8F00F52C94 /* first.jpg */ = {isa = PBXFileReference; lastKnownFileType = image.jpeg; path = first.jpg; sourceTree = "<group>"; };
		66534FBA1C927C8F00F52C94 /* second.jpg */ = {isa = PBXFileReference; lastKnownFileType = image.jpeg; path = second.jpg; sourceTree = "<group>"; };
		66534FBB1C927C8F00F52C94 /* third.jpg */ = {isa = PBXFileReference; lastKnownFileType = image.jpeg; path = third.jpg; sourceTree = "<group>"; };
/* End PBXFileReference section */

/* Begin PBXFrameworksBuildPhase section */
		66534F9E1C9270C900F52C94 /* Frameworks */ = {
			isa = PBXFrameworksBuildPhase;
			buildActionMask = 2147483647;
			files = (
			);
			runOnlyForDeploymentPostprocessing = 0;
		};
/* End PBXFrameworksBuildPhase section */

/* Begin PBXGroup section */
		66534F981C9270C900F52C94 = {
			isa = PBXGroup;
			children = (
				66534FA31C9270C900F52C94 /* PageScrollViewDemo */,
				66534FA21C9270C900F52C94 /* Products */,
			);
			sourceTree = "<group>";
		};
		66534FA21C9270C900F52C94 /* Products */ = {
			isa = PBXGroup;
			children = (
				66534FA11C9270C900F52C94 /* PageScrollViewDemo.app */,
			);
			name = Products;
			sourceTree = "<group>";
		};
		66534FA31C9270C900F52C94 /* PageScrollViewDemo */ = {
			isa = PBXGroup;
			children = (
				66534FBF1C927C9500F52C94 /* Resource */,
				66534FA41C9270C900F52C94 /* AppDelegate.swift */,
				66534FA61C9270C900F52C94 /* ViewController.swift */,
				66534FB61C9270DE00F52C94 /* PageScrollView */,
				66534FA81C9270C900F52C94 /* Main.storyboard */,
				66534FAB1C9270C900F52C94 /* Assets.xcassets */,
				66534FAD1C9270C900F52C94 /* LaunchScreen.storyboard */,
				66534FB01C9270C900F52C94 /* Info.plist */,
			);
			path = PageScrollViewDemo;
			sourceTree = "<group>";
		};
		66534FB61C9270DE00F52C94 /* PageScrollView */ = {
			isa = PBXGroup;
			children = (
				66534FB71C9270EC00F52C94 /* PageScrollView.swift */,
			);
			path = PageScrollView;
			sourceTree = "<group>";
		};
		66534FBF1C927C9500F52C94 /* Resource */ = {
			isa = PBXGroup;
			children = (
				66534FB91C927C8F00F52C94 /* first.jpg */,
				66534FBA1C927C8F00F52C94 /* second.jpg */,
				66534FBB1C927C8F00F52C94 /* third.jpg */,
			);
			name = Resource;
			sourceTree = "<group>";
		};
/* End PBXGroup section */

/* Begin PBXNativeTarget section */
		66534FA01C9270C900F52C94 /* PageScrollViewDemo */ = {
			isa = PBXNativeTarget;
			buildConfigurationList = 66534FB31C9270C900F52C94 /* Build configuration list for PBXNativeTarget "PageScrollViewDemo" */;
			buildPhases = (
				66534F9D1C9270C900F52C94 /* Sources */,
				66534F9E1C9270C900F52C94 /* Frameworks */,
				66534F9F1C9270C900F52C94 /* Resources */,
			);
			buildRules = (
			);
			dependencies = (
			);
			name = PageScrollViewDemo;
			productName = PageScrollViewDemo;
			productReference = 66534FA11C9270C900F52C94 /* PageScrollViewDemo.app */;
			productType = "com.apple.product-type.application";
		};
/* End PBXNativeTarget section */

/* Begin PBXProject section */
		66534F991C9270C900F52C94 /* Project object */ = {
			isa = PBXProject;
			attributes = {
				LastSwiftUpdateCheck = 0720;
				LastUpgradeCheck = 0720;
				ORGANIZATIONNAME = zhaoyouwang;
				TargetAttributes = {
					66534FA01C9270C900F52C94 = {
						CreatedOnToolsVersion = 7.2.1;
					};
				};
			};
			buildConfigurationList = 66534F9C1C9270C900F52C94 /* Build configuration list for PBXProject "PageScrollViewDemo" */;
			compatibilityVersion = "Xcode 3.2";
			developmentRegion = English;
			hasScannedForEncodings = 0;
			knownRegions = (
				en,
				Base,
			);
			mainGroup = 66534F981C9270C900F52C94;
			productRefGroup = 66534FA21C9270C900F52C94 /* Products */;
			projectDirPath = "";
			projectRoot = "";
			targets = (
				66534FA01C9270C900F52C94 /* PageScrollViewDemo */,
			);
		};
/* End PBXProject section */

/* Begin PBXResourcesBuildPhase section */
		66534F9F1C9270C900F52C94 /* Resources */ = {
			isa = PBXResourcesBuildPhase;
			buildActionMask = 2147483647;
			files = (
				66534FBC1C927C8F00F52C94 /* first.jpg in Resources */,
				66534FAF1C9270C900F52C94 /* LaunchScreen.storyboard in Resources */,
				66534FAC1C9270C900F52C94 /* Assets.xcassets in Resources */,
				66534FAA1C9270C900F52C94 /* Main.storyboard in Resources */,
				66534FBD1C927C8F00F52C94 /* second.jpg in Resources */,
				66534FBE1C927C8F00F52C94 /* third.jpg in Resources */,
			);
			runOnlyForDeploymentPostprocessing = 0;
		};
/* End PBXResourcesBuildPhase section */

/* Begin PBXSourcesBuildPhase section */
		66534F9D1C9270C900F52C94 /* Sources */ = {
			isa = PBXSourcesBuildPhase;
			buildActionMask = 2147483647;
			files = (
				66534FA71C9270C900F52C94 /* ViewController.swift in Sources */,
				66534FB81C9270EC00F52C94 /* PageScrollView.swift in Sources */,
				66534FA51C9270C900F52C94 /* AppDelegate.swift in Sources */,
			);
			runOnlyForDeploymentPostprocessing = 0;
		};
/* End PBXSourcesBuildPhase section */

/* Begin PBXVariantGroup section */
		66534FA81C9270C900F52C94 /* Main.storyboard */ = {
			isa = PBXVariantGroup;
			children = (
				66534FA91C9270C900F52C94 /* Base */,
			);
			name = Main.storyboard;
			sourceTree = "<group>";
		};
		66534FAD1C9270C900F52C94 /* LaunchScreen.storyboard */ = {
			isa = PBXVariantGroup;
			children = (
				66534FAE1C9270C900F52C94 /* Base */,
			);
			name = LaunchScreen.storyboard;
			sourceTree = "<group>";
		};
/* End PBXVariantGroup section */

/* Begin XCBuildConfiguration section */
		66534FB11C9270C900F52C94 /* Debug */ = {
			isa = XCBuildConfiguration;
			buildSettings = {
				ALWAYS_SEARCH_USER_PATHS = NO;
				CLANG_CXX_LANGUAGE_STANDARD = "gnu++0x";
				CLANG_CXX_LIBRARY = "libc++";
				CLANG_ENABLE_MODULES = YES;
				CLANG_ENABLE_OBJC_ARC = YES;
				CLANG_WARN_BOOL_CONVERSION = YES;
				CLANG_WARN_CONSTANT_CONVERSION = YES;
				CLANG_WARN_DIRECT_OBJC_ISA_USAGE = YES_ERROR;
				CLANG_WARN_EMPTY_BODY = YES;
				CLANG_WARN_ENUM_CONVERSION = YES;
				CLANG_WARN_INT_CONVERSION = YES;
				CLANG_WARN_OBJC_ROOT_CLASS = YES_ERROR;
				CLANG_WARN_UNREACHABLE_CODE = YES;
				CLANG_WARN__DUPLICATE_METHOD_MATCH = YES;
				"CODE_SIGN_IDENTITY[sdk=iphoneos*]" = "iPhone Developer";
				COPY_PHASE_STRIP = NO;
				DEBUG_INFORMATION_FORMAT = dwarf;
				ENABLE_STRICT_OBJC_MSGSEND = YES;
				ENABLE_TESTABILITY = YES;
				GCC_C_LANGUAGE_STANDARD = gnu99;
				GCC_DYNAMIC_NO_PIC = NO;
				GCC_NO_COMMON_BLOCKS = YES;
				GCC_OPTIMIZATION_LEVEL = 0;
				GCC_PREPROCESSOR_DEFINITIONS = (
					"DEBUG=1",
					"$(inherited)",
				);
				GCC_WARN_64_TO_32_BIT_CONVERSION = YES;
				GCC_WARN_ABOUT_RETURN_TYPE = YES_ERROR;
				GCC_WARN_UNDECLARED_SELECTOR = YES;
				GCC_WARN_UNINITIALIZED_AUTOS = YES_AGGRESSIVE;
				GCC_WARN_UNUSED_FUNCTION = YES;
				GCC_WARN_UNUSED_VARIABLE = YES;
				IPHONEOS_DEPLOYMENT_TARGET = 9.2;
				MTL_ENABLE_DEBUG_INFO = YES;
				ONLY_ACTIVE_ARCH = YES;
				SDKROOT = iphoneos;
				SWIFT_OPTIMIZATION_LEVEL = "-Onone";
			};
			name = Debug;
		};
		66534FB21C9270C900F52C94 /* Release */ = {
			isa = XCBuildConfiguration;
			buildSettings = {
				ALWAYS_SEARCH_USER_PATHS = NO;
				CLANG_CXX_LANGUAGE_STANDARD = "gnu++0x";
				CLANG_CXX_LIBRARY = "libc++";
				CLANG_ENABLE_MODULES = YES;
				CLANG_ENABLE_OBJC_ARC = YES;
				CLANG_WARN_BOOL_CONVERSION = YES;
				CLANG_WARN_CONSTANT_CONVERSION = YES;
				CLANG_WARN_DIRECT_OBJC_ISA_USAGE = YES_ERROR;
				CLANG_WARN_EMPTY_BODY = YES;
				CLANG_WARN_ENUM_CONVERSION = YES;
				CLANG_WARN_INT_CONVERSION = YES;
				CLANG_WARN_OBJC_ROOT_CLASS = YES_ERROR;
				CLANG_WARN_UNREACHABLE_CODE = YES;
				CLANG_WARN__DUPLICATE_METHOD_MATCH = YES;
				"CODE_SIGN_IDENTITY[sdk=iphoneos*]" = "iPhone Developer";
				COPY_PHASE_STRIP = NO;
				DEBUG_INFORMATION_FORMAT = "dwarf-with-dsym";
				ENABLE_NS_ASSERTIONS = NO;
				ENABLE_STRICT_OBJC_MSGSEND = YES;
				GCC_C_LANGUAGE_STANDARD = gnu99;
				GCC_NO_COMMON_BLOCKS = YES;
				GCC_WARN_64_TO_32_BIT_CONVERSION = YES;
				GCC_WARN_ABOUT_RETURN_TYPE = YES_ERROR;
				GCC_WARN_UNDECLARED_SELECTOR = YES;
				GCC_WARN_UNINITIALIZED_AUTOS = YES_AGGRESSIVE;
				GCC_WARN_UNUSED_FUNCTION = YES;
				GCC_WARN_UNUSED_VARIABLE = YES;
				IPHONEOS_DEPLOYMENT_TARGET = 9.2;
				MTL_ENABLE_DEBUG_INFO = NO;
				SDKROOT = iphoneos;
				VALIDATE_PRODUCT = YES;
			};
			name = Release;
		};
		66534FB41C9270C900F52C94 /* Debug */ = {
			isa = XCBuildConfiguration;
			buildSettings = {
				ASSETCATALOG_COMPILER_APPICON_NAME = AppIcon;
				INFOPLIST_FILE = PageScrollViewDemo/Info.plist;
				LD_RUNPATH_SEARCH_PATHS = "$(inherited) @executable_path/Frameworks";
				PRODUCT_BUNDLE_IDENTIFIER = com.zhaoyouwang.PageScrollViewDemo;
				PRODUCT_NAME = "$(TARGET_NAME)";
			};
			name = Debug;
		};
		66534FB51C9270C900F52C94 /* Release */ = {
			isa = XCBuildConfiguration;
			buildSettings = {
				ASSETCATALOG_COMPILER_APPICON_NAME = AppIcon;
				INFOPLIST_FILE = PageScrollViewDemo/Info.plist;
				LD_RUNPATH_SEARCH_PATHS = "$(inherited) @executable_path/Frameworks";
				PRODUCT_BUNDLE_IDENTIFIER = com.zhaoyouwang.PageScrollViewDemo;
				PRODUCT_NAME = "$(TARGET_NAME)";
			};
			name = Release;
		};
/* End XCBuildConfiguration section */

/* Begin XCConfigurationList section */
		66534F9C1C9270C900F52C94 /* Build configuration list for PBXProject "PageScrollViewDemo" */ = {
			isa = XCConfigurationList;
			buildConfigurations = (
				66534FB11C9270C900F52C94 /* Debug */,
				66534FB21C9270C900F52C94 /* Release */,
			);
			defaultConfigurationIsVisible = 0;
			defaultConfigurationName = Release;
		};
		66534FB31C9270C900F52C94 /* Build configuration list for PBXNativeTarget "PageScrollViewDemo" */ = {
			isa = XCConfigurationList;
			buildConfigurations = (
				66534FB41C9270C900F52C94 /* Debug */,
				66534FB51C9270C900F52C94 /* Release */,
			);
			defaultConfigurationIsVisible = 0;
		};
/* End XCConfigurationList section */
	};
	rootObject = 66534F991C9270C900F52C94 /* Project object */;
}
